
Microsoft Visual Studio Solution File, Format Version 12.00
# Visual Studio Version 16
VisualStudioVersion = 16.0.30517.126
MinimumVisualStudioVersion = 10.0.40219.1
Project("{FAE04EC0-301F-11D3-BF4B-00C04F79EFBC}") = "ProfileApp", "ProfileApp\ProfileApp.csproj", "{640322A7-2197-45F4-B9E4-EA133F2FCF7D}"
EndProject
Global
	GlobalSection(SolutionConfigurationPlatforms) = preSolution
		Debug|Any CPU = Debug|Any CPU
		Release|Any CPU = Release|Any CPU
	EndGlobalSection
	GlobalSection(ProjectConfigurationPlatforms) = postSolution
		{640322A7-2197-45F4-B9E4-EA133F2FCF7D}.Debug|Any CPU.ActiveCfg = Debug|Any CPU
		{640322A7-2197-45F4-B9E4-EA133F2FCF7D}.Debug|Any CPU.Build.0 = Debug|Any CPU
		{640322A7-2197-45F4-B9E4-EA133F2FCF7D}.Release|Any CPU.ActiveCfg = Release|Any CPU
		{640322A7-2197-45F4-B9E4-EA133F2FCF7D}.Release|Any CPU.Build.0 = Release|Any CPU
	EndGlobalSection
	GlobalSection(SolutionProperties) = preSolution
		HideSolutionNode = FALSE
	EndGlobalSection
	GlobalSection(ExtensibilityGlobals) = postSolution
		SolutionGuid = {6F5FF88B-5B52-451C-99E8-AD2A3017EF5A}
	EndGlobalSection
EndGlobal
